// !$*UTF8*$!
{
	archiveVersion = 1;
	classes = {
	};
	objectVersion = 56;
	objects = {

/* Begin PBXBuildFile section */
		60108C5F2A57EFA5003B2285 /* Maximum Product Subarray(152).swift in Sources */ = {isa = PBXBuildFile; fileRef = 60108C5E2A57EFA5003B2285 /* Maximum Product Subarray(152).swift */; };
		60108C612A57F685003B2285 /* Product of Array Except Self(238).swift in Sources */ = {isa = PBXBuildFile; fileRef = 60108C602A57F685003B2285 /* Product of Array Except Self(238).swift */; };
		60108C632A57FAA9003B2285 /* Maximum Subarray(53).swift in Sources */ = {isa = PBXBuildFile; fileRef = 60108C622A57FAA9003B2285 /* Maximum Subarray(53).swift */; };
		60108C652A57FEF4003B2285 /* Find Minimum in Rotated Sorted Array(153).swift in Sources */ = {isa = PBXBuildFile; fileRef = 60108C642A57FEF4003B2285 /* Find Minimum in Rotated Sorted Array(153).swift */; };
		60108C672A5804CC003B2285 /* Search in Rotated Sorted Array(33).swift in Sources */ = {isa = PBXBuildFile; fileRef = 60108C662A5804CC003B2285 /* Search in Rotated Sorted Array(33).swift */; };
		60108C692A58057E003B2285 /* Container With Most Water(11).swift in Sources */ = {isa = PBXBuildFile; fileRef = 60108C682A58057E003B2285 /* Container With Most Water(11).swift */; };
		60108C6B2A5808CE003B2285 /* 3Sum(15).swift in Sources */ = {isa = PBXBuildFile; fileRef = 60108C6A2A5808CE003B2285 /* 3Sum(15).swift */; };
		60108C702A580BA0003B2285 /* Climbing Stairs(70).swift in Sources */ = {isa = PBXBuildFile; fileRef = 60108C6F2A580BA0003B2285 /* Climbing Stairs(70).swift */; };
		60108C722A580BD5003B2285 /* Coin Change(322).swift in Sources */ = {isa = PBXBuildFile; fileRef = 60108C712A580BD5003B2285 /* Coin Change(322).swift */; };
		60108C742A580C02003B2285 /* Longest Increasing Subsequence(300).swift in Sources */ = {isa = PBXBuildFile; fileRef = 60108C732A580C02003B2285 /* Longest Increasing Subsequence(300).swift */; };
		60108C762A580C45003B2285 /* Longest Common Subsequence(1143).swift in Sources */ = {isa = PBXBuildFile; fileRef = 60108C752A580C45003B2285 /* Longest Common Subsequence(1143).swift */; };
		60108C7B2A580DB3003B2285 /* Clone Graph(133).swift in Sources */ = {isa = PBXBuildFile; fileRef = 60108C7A2A580DB3003B2285 /* Clone Graph(133).swift */; };
		60108C7D2A580DE8003B2285 /* Course Schedule(207).swift in Sources */ = {isa = PBXBuildFile; fileRef = 60108C7C2A580DE8003B2285 /* Course Schedule(207).swift */; };
		60108C7F2A580E12003B2285 /* Pacific Atlantic Water Flow(417).swift in Sources */ = {isa = PBXBuildFile; fileRef = 60108C7E2A580E12003B2285 /* Pacific Atlantic Water Flow(417).swift */; };
		60108C812A580E3E003B2285 /* Number of Islands(200).swift in Sources */ = {isa = PBXBuildFile; fileRef = 60108C802A580E3E003B2285 /* Number of Islands(200).swift */; };
		60108C832A580E65003B2285 /* Longest Consecutive Sequence(128).swift in Sources */ = {isa = PBXBuildFile; fileRef = 60108C822A580E65003B2285 /* Longest Consecutive Sequence(128).swift */; };
		602F339B2A63295F00FBC001 /* Validate Binary Search Tree(98).swift in Sources */ = {isa = PBXBuildFile; fileRef = 602F339A2A63295F00FBC001 /* Validate Binary Search Tree(98).swift */; };
		602F339D2A64948300FBC001 /* Construct Binary Tree from Preorder and Inorder Traversal(105).swift in Sources */ = {isa = PBXBuildFile; fileRef = 602F339C2A64948300FBC001 /* Construct Binary Tree from Preorder and Inorder Traversal(105).swift */; };
		602F339F2A64A53F00FBC001 /* Kth Smallest Element in a BST(230).swift in Sources */ = {isa = PBXBuildFile; fileRef = 602F339E2A64A53F00FBC001 /* Kth Smallest Element in a BST(230).swift */; };
		60403F392A560D770028F513 /* main.swift in Sources */ = {isa = PBXBuildFile; fileRef = 60403F382A560D770028F513 /* main.swift */; };
		60403F412A560FE60028F513 /* TwoSum(1).swift in Sources */ = {isa = PBXBuildFile; fileRef = 60403F402A560FE60028F513 /* TwoSum(1).swift */; };
		60403F432A561ADB0028F513 /* BestTimeToBuyAndSellStock(121).swift in Sources */ = {isa = PBXBuildFile; fileRef = 60403F422A561ADB0028F513 /* BestTimeToBuyAndSellStock(121).swift */; };
		60403F452A5622850028F513 /* ContainsDuplicate(217).swift in Sources */ = {isa = PBXBuildFile; fileRef = 60403F442A5622850028F513 /* ContainsDuplicate(217).swift */; };
		605A01DB2A62040C00F24430 /* Same Tree(100).swift in Sources */ = {isa = PBXBuildFile; fileRef = 605A01DA2A62040C00F24430 /* Same Tree(100).swift */; };
		605A01DD2A62059200F24430 /* Binary Tree Level Order Traversal(102).swift in Sources */ = {isa = PBXBuildFile; fileRef = 605A01DC2A62059200F24430 /* Binary Tree Level Order Traversal(102).swift */; };
		605A01DF2A62071E00F24430 /* Maximum Depth of Binary Tree(104).swift in Sources */ = {isa = PBXBuildFile; fileRef = 605A01DE2A62071E00F24430 /* Maximum Depth of Binary Tree(104).swift */; };
		605A01E12A62089B00F24430 /* Invert Binary Tree(226).swift in Sources */ = {isa = PBXBuildFile; fileRef = 605A01E02A62089B00F24430 /* Invert Binary Tree(226).swift */; };
		605A01E32A6209A500F24430 /* Subtree of Another Tree(572).swift in Sources */ = {isa = PBXBuildFile; fileRef = 605A01E22A6209A500F24430 /* Subtree of Another Tree(572).swift */; };
		6076C5312A60A8E300C83335 /* Longest Substring Without Repeating Characters(3).swift in Sources */ = {isa = PBXBuildFile; fileRef = 6076C5302A60A8E300C83335 /* Longest Substring Without Repeating Characters(3).swift */; };
		6076C5332A60A91B00C83335 /* Longest Palindromic Substring(5).swift in Sources */ = {isa = PBXBuildFile; fileRef = 6076C5322A60A91B00C83335 /* Longest Palindromic Substring(5).swift */; };
		6076C5352A60A95300C83335 /* Valid Parentheses(20).swift in Sources */ = {isa = PBXBuildFile; fileRef = 6076C5342A60A95300C83335 /* Valid Parentheses(20).swift */; };
		6076C5372A60A98500C83335 /* Group Anagrams(49).swift in Sources */ = {isa = PBXBuildFile; fileRef = 6076C5362A60A98500C83335 /* Group Anagrams(49).swift */; };
		6076C5392A60B66400C83335 /* Valid Palindrome(125).swift in Sources */ = {isa = PBXBuildFile; fileRef = 6076C5382A60B66400C83335 /* Valid Palindrome(125).swift */; };
		6076C53B2A60B68600C83335 /* Valid Anagram(242).swift in Sources */ = {isa = PBXBuildFile; fileRef = 6076C53A2A60B68600C83335 /* Valid Anagram(242).swift */; };
		6076C53D2A60B6AF00C83335 /* Longest Repeating Character Replacement(424).swift in Sources */ = {isa = PBXBuildFile; fileRef = 6076C53C2A60B6AF00C83335 /* Longest Repeating Character Replacement(424).swift */; };
		6076C53F2A60B6E600C83335 /* Palindromic Substrings(647).swift in Sources */ = {isa = PBXBuildFile; fileRef = 6076C53E2A60B6E600C83335 /* Palindromic Substrings(647).swift */; };
/* End PBXBuildFile section */

/* Begin PBXCopyFilesBuildPhase section */
		60403F332A560D770028F513 /* CopyFiles */ = {
			isa = PBXCopyFilesBuildPhase;
			buildActionMask = 2147483647;
			dstPath = /usr/share/man/man1/;
			dstSubfolderSpec = 0;
			files = (
			);
			runOnlyForDeploymentPostprocessing = 1;
		};
/* End PBXCopyFilesBuildPhase section */

/* Begin PBXFileReference section */
		60108C5E2A57EFA5003B2285 /* Maximum Product Subarray(152).swift */ = {isa = PBXFileReference; lastKnownFileType = sourcecode.swift; path = "Maximum Product Subarray(152).swift"; sourceTree = "<group>"; };
		60108C602A57F685003B2285 /* Product of Array Except Self(238).swift */ = {isa = PBXFileReference; lastKnownFileType = sourcecode.swift; path = "Product of Array Except Self(238).swift"; sourceTree = "<group>"; };
		60108C622A57FAA9003B2285 /* Maximum Subarray(53).swift */ = {isa = PBXFileReference; lastKnownFileType = sourcecode.swift; path = "Maximum Subarray(53).swift"; sourceTree = "<group>"; };
		60108C642A57FEF4003B2285 /* Find Minimum in Rotated Sorted Array(153).swift */ = {isa = PBXFileReference; lastKnownFileType = sourcecode.swift; path = "Find Minimum in Rotated Sorted Array(153).swift"; sourceTree = "<group>"; };
		60108C662A5804CC003B2285 /* Search in Rotated Sorted Array(33).swift */ = {isa = PBXFileReference; lastKnownFileType = sourcecode.swift; path = "Search in Rotated Sorted Array(33).swift"; sourceTree = "<group>"; };
		60108C682A58057E003B2285 /* Container With Most Water(11).swift */ = {isa = PBXFileReference; lastKnownFileType = sourcecode.swift; path = "Container With Most Water(11).swift"; sourceTree = "<group>"; };
		60108C6A2A5808CE003B2285 /* 3Sum(15).swift */ = {isa = PBXFileReference; lastKnownFileType = sourcecode.swift; path = "3Sum(15).swift"; sourceTree = "<group>"; };
		60108C6F2A580BA0003B2285 /* Climbing Stairs(70).swift */ = {isa = PBXFileReference; lastKnownFileType = sourcecode.swift; path = "Climbing Stairs(70).swift"; sourceTree = "<group>"; };
		60108C712A580BD5003B2285 /* Coin Change(322).swift */ = {isa = PBXFileReference; lastKnownFileType = sourcecode.swift; path = "Coin Change(322).swift"; sourceTree = "<group>"; };
		60108C732A580C02003B2285 /* Longest Increasing Subsequence(300).swift */ = {isa = PBXFileReference; lastKnownFileType = sourcecode.swift; path = "Longest Increasing Subsequence(300).swift"; sourceTree = "<group>"; };
		60108C752A580C45003B2285 /* Longest Common Subsequence(1143).swift */ = {isa = PBXFileReference; lastKnownFileType = sourcecode.swift; path = "Longest Common Subsequence(1143).swift"; sourceTree = "<group>"; };
		60108C7A2A580DB3003B2285 /* Clone Graph(133).swift */ = {isa = PBXFileReference; lastKnownFileType = sourcecode.swift; path = "Clone Graph(133).swift"; sourceTree = "<group>"; };
		60108C7C2A580DE8003B2285 /* Course Schedule(207).swift */ = {isa = PBXFileReference; lastKnownFileType = sourcecode.swift; path = "Course Schedule(207).swift"; sourceTree = "<group>"; };
		60108C7E2A580E12003B2285 /* Pacific Atlantic Water Flow(417).swift */ = {isa = PBXFileReference; lastKnownFileType = sourcecode.swift; path = "Pacific Atlantic Water Flow(417).swift"; sourceTree = "<group>"; };
		60108C802A580E3E003B2285 /* Number of Islands(200).swift */ = {isa = PBXFileReference; lastKnownFileType = sourcecode.swift; path = "Number of Islands(200).swift"; sourceTree = "<group>"; };
		60108C822A580E65003B2285 /* Longest Consecutive Sequence(128).swift */ = {isa = PBXFileReference; lastKnownFileType = sourcecode.swift; path = "Longest Consecutive Sequence(128).swift"; sourceTree = "<group>"; };
		602F339A2A63295F00FBC001 /* Validate Binary Search Tree(98).swift */ = {isa = PBXFileReference; lastKnownFileType = sourcecode.swift; path = "Validate Binary Search Tree(98).swift"; sourceTree = "<group>"; };
		602F339C2A64948300FBC001 /* Construct Binary Tree from Preorder and Inorder Traversal(105).swift */ = {isa = PBXFileReference; lastKnownFileType = sourcecode.swift; path = "Construct Binary Tree from Preorder and Inorder Traversal(105).swift"; sourceTree = "<group>"; };
		602F339E2A64A53F00FBC001 /* Kth Smallest Element in a BST(230).swift */ = {isa = PBXFileReference; lastKnownFileType = sourcecode.swift; path = "Kth Smallest Element in a BST(230).swift"; sourceTree = "<group>"; };
		60403F352A560D770028F513 /* LeetCode */ = {isa = PBXFileReference; explicitFileType = "compiled.mach-o.executable"; includeInIndex = 0; path = LeetCode; sourceTree = BUILT_PRODUCTS_DIR; };
		60403F382A560D770028F513 /* main.swift */ = {isa = PBXFileReference; lastKnownFileType = sourcecode.swift; path = main.swift; sourceTree = "<group>"; };
		60403F402A560FE60028F513 /* TwoSum(1).swift */ = {isa = PBXFileReference; lastKnownFileType = sourcecode.swift; path = "TwoSum(1).swift"; sourceTree = "<group>"; };
		60403F422A561ADB0028F513 /* BestTimeToBuyAndSellStock(121).swift */ = {isa = PBXFileReference; lastKnownFileType = sourcecode.swift; path = "BestTimeToBuyAndSellStock(121).swift"; sourceTree = "<group>"; };
		60403F442A5622850028F513 /* ContainsDuplicate(217).swift */ = {isa = PBXFileReference; lastKnownFileType = sourcecode.swift; path = "ContainsDuplicate(217).swift"; sourceTree = "<group>"; };
		605A01DA2A62040C00F24430 /* Same Tree(100).swift */ = {isa = PBXFileReference; lastKnownFileType = sourcecode.swift; path = "Same Tree(100).swift"; sourceTree = "<group>"; };
		605A01DC2A62059200F24430 /* Binary Tree Level Order Traversal(102).swift */ = {isa = PBXFileReference; lastKnownFileType = sourcecode.swift; path = "Binary Tree Level Order Traversal(102).swift"; sourceTree = "<group>"; };
		605A01DE2A62071E00F24430 /* Maximum Depth of Binary Tree(104).swift */ = {isa = PBXFileReference; lastKnownFileType = sourcecode.swift; path = "Maximum Depth of Binary Tree(104).swift"; sourceTree = "<group>"; };
		605A01E02A62089B00F24430 /* Invert Binary Tree(226).swift */ = {isa = PBXFileReference; lastKnownFileType = sourcecode.swift; path = "Invert Binary Tree(226).swift"; sourceTree = "<group>"; };
		605A01E22A6209A500F24430 /* Subtree of Another Tree(572).swift */ = {isa = PBXFileReference; lastKnownFileType = sourcecode.swift; path = "Subtree of Another Tree(572).swift"; sourceTree = "<group>"; };
		6076C5302A60A8E300C83335 /* Longest Substring Without Repeating Characters(3).swift */ = {isa = PBXFileReference; lastKnownFileType = sourcecode.swift; path = "Longest Substring Without Repeating Characters(3).swift"; sourceTree = "<group>"; };
		6076C5322A60A91B00C83335 /* Longest Palindromic Substring(5).swift */ = {isa = PBXFileReference; lastKnownFileType = sourcecode.swift; path = "Longest Palindromic Substring(5).swift"; sourceTree = "<group>"; };
		6076C5342A60A95300C83335 /* Valid Parentheses(20).swift */ = {isa = PBXFileReference; lastKnownFileType = sourcecode.swift; path = "Valid Parentheses(20).swift"; sourceTree = "<group>"; };
		6076C5362A60A98500C83335 /* Group Anagrams(49).swift */ = {isa = PBXFileReference; lastKnownFileType = sourcecode.swift; path = "Group Anagrams(49).swift"; sourceTree = "<group>"; };
		6076C5382A60B66400C83335 /* Valid Palindrome(125).swift */ = {isa = PBXFileReference; lastKnownFileType = sourcecode.swift; path = "Valid Palindrome(125).swift"; sourceTree = "<group>"; };
		6076C53A2A60B68600C83335 /* Valid Anagram(242).swift */ = {isa = PBXFileReference; lastKnownFileType = sourcecode.swift; path = "Valid Anagram(242).swift"; sourceTree = "<group>"; };
		6076C53C2A60B6AF00C83335 /* Longest Repeating Character Replacement(424).swift */ = {isa = PBXFileReference; lastKnownFileType = sourcecode.swift; path = "Longest Repeating Character Replacement(424).swift"; sourceTree = "<group>"; };
		6076C53E2A60B6E600C83335 /* Palindromic Substrings(647).swift */ = {isa = PBXFileReference; lastKnownFileType = sourcecode.swift; path = "Palindromic Substrings(647).swift"; sourceTree = "<group>"; };
/* End PBXFileReference section */

/* Begin PBXFrameworksBuildPhase section */
		60403F322A560D770028F513 /* Frameworks */ = {
			isa = PBXFrameworksBuildPhase;
			buildActionMask = 2147483647;
			files = (
			);
			runOnlyForDeploymentPostprocessing = 0;
		};
/* End PBXFrameworksBuildPhase section */

/* Begin PBXGroup section */
		60108C6C2A580ABB003B2285 /* Dynamic Programming */ = {
			isa = PBXGroup;
			children = (
				60108C6F2A580BA0003B2285 /* Climbing Stairs(70).swift */,
				60108C732A580C02003B2285 /* Longest Increasing Subsequence(300).swift */,
				60108C712A580BD5003B2285 /* Coin Change(322).swift */,
				60108C752A580C45003B2285 /* Longest Common Subsequence(1143).swift */,
			);
			path = "Dynamic Programming";
			sourceTree = "<group>";
		};
		60108C792A580DA1003B2285 /* Graph */ = {
			isa = PBXGroup;
			children = (
				60108C822A580E65003B2285 /* Longest Consecutive Sequence(128).swift */,
				60108C7A2A580DB3003B2285 /* Clone Graph(133).swift */,
				60108C802A580E3E003B2285 /* Number of Islands(200).swift */,
				60108C7C2A580DE8003B2285 /* Course Schedule(207).swift */,
				60108C7E2A580E12003B2285 /* Pacific Atlantic Water Flow(417).swift */,
			);
			path = Graph;
			sourceTree = "<group>";
		};
		60403F2C2A560D770028F513 = {
			isa = PBXGroup;
			children = (
				60403F372A560D770028F513 /* LeetCode */,
				60403F362A560D770028F513 /* Products */,
			);
			sourceTree = "<group>";
		};
		60403F362A560D770028F513 /* Products */ = {
			isa = PBXGroup;
			children = (
				60403F352A560D770028F513 /* LeetCode */,
			);
			name = Products;
			sourceTree = "<group>";
		};
		60403F372A560D770028F513 /* LeetCode */ = {
			isa = PBXGroup;
			children = (
				6076C52F2A60A80B00C83335 /* String */,
				60403F3F2A560FD90028F513 /* Array */,
				6076C5402A60C4B900C83335 /* Tree */,
				60108C792A580DA1003B2285 /* Graph */,
				60108C6C2A580ABB003B2285 /* Dynamic Programming */,
				60403F382A560D770028F513 /* main.swift */,
			);
			path = LeetCode;
			sourceTree = "<group>";
		};
		60403F3F2A560FD90028F513 /* Array */ = {
			isa = PBXGroup;
			children = (
				60403F402A560FE60028F513 /* TwoSum(1).swift */,
				60108C682A58057E003B2285 /* Container With Most Water(11).swift */,
				60108C6A2A5808CE003B2285 /* 3Sum(15).swift */,
				60108C662A5804CC003B2285 /* Search in Rotated Sorted Array(33).swift */,
				60108C622A57FAA9003B2285 /* Maximum Subarray(53).swift */,
				60403F422A561ADB0028F513 /* BestTimeToBuyAndSellStock(121).swift */,
				60108C5E2A57EFA5003B2285 /* Maximum Product Subarray(152).swift */,
				60108C642A57FEF4003B2285 /* Find Minimum in Rotated Sorted Array(153).swift */,
				60403F442A5622850028F513 /* ContainsDuplicate(217).swift */,
				60108C602A57F685003B2285 /* Product of Array Except Self(238).swift */,
			);
			path = Array;
			sourceTree = "<group>";
		};
		6076C52F2A60A80B00C83335 /* String */ = {
			isa = PBXGroup;
			children = (
				6076C5302A60A8E300C83335 /* Longest Substring Without Repeating Characters(3).swift */,
				6076C5322A60A91B00C83335 /* Longest Palindromic Substring(5).swift */,
				6076C5342A60A95300C83335 /* Valid Parentheses(20).swift */,
				6076C5362A60A98500C83335 /* Group Anagrams(49).swift */,
				6076C5382A60B66400C83335 /* Valid Palindrome(125).swift */,
				6076C53A2A60B68600C83335 /* Valid Anagram(242).swift */,
				6076C53C2A60B6AF00C83335 /* Longest Repeating Character Replacement(424).swift */,
				6076C53E2A60B6E600C83335 /* Palindromic Substrings(647).swift */,
			);
			path = String;
			sourceTree = "<group>";
		};
		6076C5402A60C4B900C83335 /* Tree */ = {
			isa = PBXGroup;
			children = (
				602F339A2A63295F00FBC001 /* Validate Binary Search Tree(98).swift */,
				605A01DA2A62040C00F24430 /* Same Tree(100).swift */,
				605A01DC2A62059200F24430 /* Binary Tree Level Order Traversal(102).swift */,
				605A01DE2A62071E00F24430 /* Maximum Depth of Binary Tree(104).swift */,
				602F339C2A64948300FBC001 /* Construct Binary Tree from Preorder and Inorder Traversal(105).swift */,
				605A01E02A62089B00F24430 /* Invert Binary Tree(226).swift */,
				602F339E2A64A53F00FBC001 /* Kth Smallest Element in a BST(230).swift */,
				605A01E22A6209A500F24430 /* Subtree of Another Tree(572).swift */,
			);
			path = Tree;
			sourceTree = "<group>";
		};
/* End PBXGroup section */

/* Begin PBXNativeTarget section */
		60403F342A560D770028F513 /* LeetCode */ = {
			isa = PBXNativeTarget;
			buildConfigurationList = 60403F3C2A560D770028F513 /* Build configuration list for PBXNativeTarget "LeetCode" */;
			buildPhases = (
				60403F312A560D770028F513 /* Sources */,
				60403F322A560D770028F513 /* Frameworks */,
				60403F332A560D770028F513 /* CopyFiles */,
			);
			buildRules = (
			);
			dependencies = (
			);
			name = LeetCode;
			productName = LeetCode;
			productReference = 60403F352A560D770028F513 /* LeetCode */;
			productType = "com.apple.product-type.tool";
		};
/* End PBXNativeTarget section */

/* Begin PBXProject section */
		60403F2D2A560D770028F513 /* Project object */ = {
			isa = PBXProject;
			attributes = {
				BuildIndependentTargetsInParallel = 1;
				LastSwiftUpdateCheck = 1430;
				LastUpgradeCheck = 1430;
				TargetAttributes = {
					60403F342A560D770028F513 = {
						CreatedOnToolsVersion = 14.3.1;
					};
				};
			};
			buildConfigurationList = 60403F302A560D770028F513 /* Build configuration list for PBXProject "LeetCode" */;
			compatibilityVersion = "Xcode 14.0";
			developmentRegion = en;
			hasScannedForEncodings = 0;
			knownRegions = (
				en,
				Base,
			);
			mainGroup = 60403F2C2A560D770028F513;
			productRefGroup = 60403F362A560D770028F513 /* Products */;
			projectDirPath = "";
			projectRoot = "";
			targets = (
				60403F342A560D770028F513 /* LeetCode */,
			);
		};
/* End PBXProject section */

/* Begin PBXSourcesBuildPhase section */
		60403F312A560D770028F513 /* Sources */ = {
			isa = PBXSourcesBuildPhase;
			buildActionMask = 2147483647;
			files = (
				60108C812A580E3E003B2285 /* Number of Islands(200).swift in Sources */,
				6076C53D2A60B6AF00C83335 /* Longest Repeating Character Replacement(424).swift in Sources */,
				60403F452A5622850028F513 /* ContainsDuplicate(217).swift in Sources */,
				60108C722A580BD5003B2285 /* Coin Change(322).swift in Sources */,
				602F339F2A64A53F00FBC001 /* Kth Smallest Element in a BST(230).swift in Sources */,
				60108C6B2A5808CE003B2285 /* 3Sum(15).swift in Sources */,
				60108C7D2A580DE8003B2285 /* Course Schedule(207).swift in Sources */,
				605A01DB2A62040C00F24430 /* Same Tree(100).swift in Sources */,
				6076C5392A60B66400C83335 /* Valid Palindrome(125).swift in Sources */,
				605A01DD2A62059200F24430 /* Binary Tree Level Order Traversal(102).swift in Sources */,
				60108C7F2A580E12003B2285 /* Pacific Atlantic Water Flow(417).swift in Sources */,
				60403F432A561ADB0028F513 /* BestTimeToBuyAndSellStock(121).swift in Sources */,
				6076C5352A60A95300C83335 /* Valid Parentheses(20).swift in Sources */,
				6076C53B2A60B68600C83335 /* Valid Anagram(242).swift in Sources */,
				605A01E32A6209A500F24430 /* Subtree of Another Tree(572).swift in Sources */,
				6076C5372A60A98500C83335 /* Group Anagrams(49).swift in Sources */,
				6076C5312A60A8E300C83335 /* Longest Substring Without Repeating Characters(3).swift in Sources */,
				60108C702A580BA0003B2285 /* Climbing Stairs(70).swift in Sources */,
				605A01E12A62089B00F24430 /* Invert Binary Tree(226).swift in Sources */,
				60108C632A57FAA9003B2285 /* Maximum Subarray(53).swift in Sources */,
				60108C652A57FEF4003B2285 /* Find Minimum in Rotated Sorted Array(153).swift in Sources */,
				60108C692A58057E003B2285 /* Container With Most Water(11).swift in Sources */,
				602F339D2A64948300FBC001 /* Construct Binary Tree from Preorder and Inorder Traversal(105).swift in Sources */,
				60108C5F2A57EFA5003B2285 /* Maximum Product Subarray(152).swift in Sources */,
				60403F392A560D770028F513 /* main.swift in Sources */,
				602F339B2A63295F00FBC001 /* Validate Binary Search Tree(98).swift in Sources */,
				60108C742A580C02003B2285 /* Longest Increasing Subsequence(300).swift in Sources */,
				6076C53F2A60B6E600C83335 /* Palindromic Substrings(647).swift in Sources */,
				605A01DF2A62071E00F24430 /* Maximum Depth of Binary Tree(104).swift in Sources */,
				60108C762A580C45003B2285 /* Longest Common Subsequence(1143).swift in Sources */,
				60108C7B2A580DB3003B2285 /* Clone Graph(133).swift in Sources */,
				60108C672A5804CC003B2285 /* Search in Rotated Sorted Array(33).swift in Sources */,
				60108C612A57F685003B2285 /* Product of Array Except Self(238).swift in Sources */,
				60403F412A560FE60028F513 /* TwoSum(1).swift in Sources */,
				6076C5332A60A91B00C83335 /* Longest Palindromic Substring(5).swift in Sources */,
				60108C832A580E65003B2285 /* Longest Consecutive Sequence(128).swift in Sources */,
			);
			runOnlyForDeploymentPostprocessing = 0;
		};
/* End PBXSourcesBuildPhase section */

/* Begin XCBuildConfiguration section */
		60403F3A2A560D770028F513 /* Debug */ = {
			isa = XCBuildConfiguration;
			buildSettings = {
				ALWAYS_SEARCH_USER_PATHS = NO;
				CLANG_ANALYZER_NONNULL = YES;
				CLANG_ANALYZER_NUMBER_OBJECT_CONVERSION = YES_AGGRESSIVE;
				CLANG_CXX_LANGUAGE_STANDARD = "gnu++20";
				CLANG_ENABLE_MODULES = YES;
				CLANG_ENABLE_OBJC_ARC = YES;
				CLANG_ENABLE_OBJC_WEAK = YES;
				CLANG_WARN_BLOCK_CAPTURE_AUTORELEASING = YES;
				CLANG_WARN_BOOL_CONVERSION = YES;
				CLANG_WARN_COMMA = YES;
				CLANG_WARN_CONSTANT_CONVERSION = YES;
				CLANG_WARN_DEPRECATED_OBJC_IMPLEMENTATIONS = YES;
				CLANG_WARN_DIRECT_OBJC_ISA_USAGE = YES_ERROR;
				CLANG_WARN_DOCUMENTATION_COMMENTS = YES;
				CLANG_WARN_EMPTY_BODY = YES;
				CLANG_WARN_ENUM_CONVERSION = YES;
				CLANG_WARN_INFINITE_RECURSION = YES;
				CLANG_WARN_INT_CONVERSION = YES;
				CLANG_WARN_NON_LITERAL_NULL_CONVERSION = YES;
				CLANG_WARN_OBJC_IMPLICIT_RETAIN_SELF = YES;
				CLANG_WARN_OBJC_LITERAL_CONVERSION = YES;
				CLANG_WARN_OBJC_ROOT_CLASS = YES_ERROR;
				CLANG_WARN_QUOTED_INCLUDE_IN_FRAMEWORK_HEADER = YES;
				CLANG_WARN_RANGE_LOOP_ANALYSIS = YES;
				CLANG_WARN_STRICT_PROTOTYPES = YES;
				CLANG_WARN_SUSPICIOUS_MOVE = YES;
				CLANG_WARN_UNGUARDED_AVAILABILITY = YES_AGGRESSIVE;
				CLANG_WARN_UNREACHABLE_CODE = YES;
				CLANG_WARN__DUPLICATE_METHOD_MATCH = YES;
				COPY_PHASE_STRIP = NO;
				DEBUG_INFORMATION_FORMAT = dwarf;
				ENABLE_STRICT_OBJC_MSGSEND = YES;
				ENABLE_TESTABILITY = YES;
				GCC_C_LANGUAGE_STANDARD = gnu11;
				GCC_DYNAMIC_NO_PIC = NO;
				GCC_NO_COMMON_BLOCKS = YES;
				GCC_OPTIMIZATION_LEVEL = 0;
				GCC_PREPROCESSOR_DEFINITIONS = (
					"DEBUG=1",
					"$(inherited)",
				);
				GCC_WARN_64_TO_32_BIT_CONVERSION = YES;
				GCC_WARN_ABOUT_RETURN_TYPE = YES_ERROR;
				GCC_WARN_UNDECLARED_SELECTOR = YES;
				GCC_WARN_UNINITIALIZED_AUTOS = YES_AGGRESSIVE;
				GCC_WARN_UNUSED_FUNCTION = YES;
				GCC_WARN_UNUSED_VARIABLE = YES;
				MACOSX_DEPLOYMENT_TARGET = 13.3;
				MTL_ENABLE_DEBUG_INFO = INCLUDE_SOURCE;
				MTL_FAST_MATH = YES;
				ONLY_ACTIVE_ARCH = YES;
				SDKROOT = macosx;
				SWIFT_ACTIVE_COMPILATION_CONDITIONS = DEBUG;
				SWIFT_OPTIMIZATION_LEVEL = "-Onone";
			};
			name = Debug;
		};
		60403F3B2A560D770028F513 /* Release */ = {
			isa = XCBuildConfiguration;
			buildSettings = {
				ALWAYS_SEARCH_USER_PATHS = NO;
				CLANG_ANALYZER_NONNULL = YES;
				CLANG_ANALYZER_NUMBER_OBJECT_CONVERSION = YES_AGGRESSIVE;
				CLANG_CXX_LANGUAGE_STANDARD = "gnu++20";
				CLANG_ENABLE_MODULES = YES;
				CLANG_ENABLE_OBJC_ARC = YES;
				CLANG_ENABLE_OBJC_WEAK = YES;
				CLANG_WARN_BLOCK_CAPTURE_AUTORELEASING = YES;
				CLANG_WARN_BOOL_CONVERSION = YES;
				CLANG_WARN_COMMA = YES;
				CLANG_WARN_CONSTANT_CONVERSION = YES;
				CLANG_WARN_DEPRECATED_OBJC_IMPLEMENTATIONS = YES;
				CLANG_WARN_DIRECT_OBJC_ISA_USAGE = YES_ERROR;
				CLANG_WARN_DOCUMENTATION_COMMENTS = YES;
				CLANG_WARN_EMPTY_BODY = YES;
				CLANG_WARN_ENUM_CONVERSION = YES;
				CLANG_WARN_INFINITE_RECURSION = YES;
				CLANG_WARN_INT_CONVERSION = YES;
				CLANG_WARN_NON_LITERAL_NULL_CONVERSION = YES;
				CLANG_WARN_OBJC_IMPLICIT_RETAIN_SELF = YES;
				CLANG_WARN_OBJC_LITERAL_CONVERSION = YES;
				CLANG_WARN_OBJC_ROOT_CLASS = YES_ERROR;
				CLANG_WARN_QUOTED_INCLUDE_IN_FRAMEWORK_HEADER = YES;
				CLANG_WARN_RANGE_LOOP_ANALYSIS = YES;
				CLANG_WARN_STRICT_PROTOTYPES = YES;
				CLANG_WARN_SUSPICIOUS_MOVE = YES;
				CLANG_WARN_UNGUARDED_AVAILABILITY = YES_AGGRESSIVE;
				CLANG_WARN_UNREACHABLE_CODE = YES;
				CLANG_WARN__DUPLICATE_METHOD_MATCH = YES;
				COPY_PHASE_STRIP = NO;
				DEBUG_INFORMATION_FORMAT = "dwarf-with-dsym";
				ENABLE_NS_ASSERTIONS = NO;
				ENABLE_STRICT_OBJC_MSGSEND = YES;
				GCC_C_LANGUAGE_STANDARD = gnu11;
				GCC_NO_COMMON_BLOCKS = YES;
				GCC_WARN_64_TO_32_BIT_CONVERSION = YES;
				GCC_WARN_ABOUT_RETURN_TYPE = YES_ERROR;
				GCC_WARN_UNDECLARED_SELECTOR = YES;
				GCC_WARN_UNINITIALIZED_AUTOS = YES_AGGRESSIVE;
				GCC_WARN_UNUSED_FUNCTION = YES;
				GCC_WARN_UNUSED_VARIABLE = YES;
				MACOSX_DEPLOYMENT_TARGET = 13.3;
				MTL_ENABLE_DEBUG_INFO = NO;
				MTL_FAST_MATH = YES;
				SDKROOT = macosx;
				SWIFT_COMPILATION_MODE = wholemodule;
				SWIFT_OPTIMIZATION_LEVEL = "-O";
			};
			name = Release;
		};
		60403F3D2A560D770028F513 /* Debug */ = {
			isa = XCBuildConfiguration;
			buildSettings = {
				CODE_SIGN_STYLE = Automatic;
				PRODUCT_NAME = "$(TARGET_NAME)";
				SWIFT_VERSION = 5.0;
			};
			name = Debug;
		};
		60403F3E2A560D770028F513 /* Release */ = {
			isa = XCBuildConfiguration;
			buildSettings = {
				CODE_SIGN_STYLE = Automatic;
				PRODUCT_NAME = "$(TARGET_NAME)";
				SWIFT_VERSION = 5.0;
			};
			name = Release;
		};
/* End XCBuildConfiguration section */

/* Begin XCConfigurationList section */
		60403F302A560D770028F513 /* Build configuration list for PBXProject "LeetCode" */ = {
			isa = XCConfigurationList;
			buildConfigurations = (
				60403F3A2A560D770028F513 /* Debug */,
				60403F3B2A560D770028F513 /* Release */,
			);
			defaultConfigurationIsVisible = 0;
			defaultConfigurationName = Release;
		};
		60403F3C2A560D770028F513 /* Build configuration list for PBXNativeTarget "LeetCode" */ = {
			isa = XCConfigurationList;
			buildConfigurations = (
				60403F3D2A560D770028F513 /* Debug */,
				60403F3E2A560D770028F513 /* Release */,
			);
			defaultConfigurationIsVisible = 0;
			defaultConfigurationName = Release;
		};
/* End XCConfigurationList section */
	};
	rootObject = 60403F2D2A560D770028F513 /* Project object */;
}
